
Microsoft Visual Studio Solution File, Format Version 12.00
# Visual Studio Version 17
VisualStudioVersion = 17.12.35506.116
MinimumVisualStudioVersion = 10.0.40219.1
Project("{2150E333-8FDC-42A3-9474-1A3956D46DE8}") = "src", "src", "{21457830-98D8-4F9D-A4E0-BFA4DFBD77B2}"
EndProject
Project("{2150E333-8FDC-42A3-9474-1A3956D46DE8}") = "BuildingBlocks", "BuildingBlocks", "{E906DEFA-9FD3-4D41-A183-AD29106E031C}"
EndProject
Project("{2150E333-8FDC-42A3-9474-1A3956D46DE8}") = "Services", "Services", "{9219D78B-6254-4C69-B932-4D1B3F665E17}"
EndProject
Project("{FAE04EC0-301F-11D3-BF4B-00C04F79EFBC}") = "Msa.Services.ServiceA", "src\Services\Msa.Services.ServiceA\Msa.Services.ServiceA.csproj", "{EE6E2CB1-A1A5-49F1-BD72-9C94C9A24AA9}"
EndProject
Project("{FAE04EC0-301F-11D3-BF4B-00C04F79EFBC}") = "Msa.Services.ServiceB", "src\Services\Msa.Services.ServiceB\Msa.Services.ServiceB.csproj", "{03DBC4F2-9E86-40B4-92F8-8AC0264BA11A}"
EndProject
Project("{2150E333-8FDC-42A3-9474-1A3956D46DE8}") = "ServiceDefaults", "ServiceDefaults", "{91304C9C-9525-4E73-941A-B3F4C2711759}"
EndProject
Project("{2150E333-8FDC-42A3-9474-1A3956D46DE8}") = "Protos", "Protos", "{6221D95C-7358-421C-9D9B-24C5D655AD43}"
EndProject
Project("{2150E333-8FDC-42A3-9474-1A3956D46DE8}") = "Extensions", "Extensions", "{4CC466D4-2B57-4CB1-986A-DBD166E02F53}"
EndProject
Project("{FAE04EC0-301F-11D3-BF4B-00C04F79EFBC}") = "Msa.ServiceDefaults.OpenTelemetry", "src\BuildingBlocks\ServiceDefaults\Msa.ServiceDefaults.OpenTelemetry\Msa.ServiceDefaults.OpenTelemetry.csproj", "{BF990ADC-5778-41FA-9C2B-D2EA2A9D61AA}"
EndProject
Project("{FAE04EC0-301F-11D3-BF4B-00C04F79EFBC}") = "Msa.ServiceDefaults.Redis", "src\BuildingBlocks\ServiceDefaults\Msa.ServiceDefaults.Redis\Msa.ServiceDefaults.Redis.csproj", "{D72E3663-AE7A-47CF-85F6-44FCA620AC8F}"
EndProject
Project("{FAE04EC0-301F-11D3-BF4B-00C04F79EFBC}") = "Msa.Services.ServiceC", "src\Services\Msa.Services.ServiceC\Msa.Services.ServiceC.csproj", "{4DE66D4A-712E-4435-BA00-AE4403B52973}"
EndProject
Project("{FAE04EC0-301F-11D3-BF4B-00C04F79EFBC}") = "Msa.Protos.Actor", "src\BuildingBlocks\Protos\Msa.Protos.Actor\Msa.Protos.Actor.csproj", "{BF33B019-EA90-47EB-AED8-A1225B068032}"
EndProject
Project("{FAE04EC0-301F-11D3-BF4B-00C04F79EFBC}") = "Msa.Protos.Weather", "src\BuildingBlocks\Protos\Msa.Protos.Weather\Msa.Protos.Weather.csproj", "{3AC9CD83-B020-4D46-B808-5763448BD29D}"
EndProject
Project("{FAE04EC0-301F-11D3-BF4B-00C04F79EFBC}") = "Msa.Protos.Common", "src\BuildingBlocks\Protos\Msa.Protos.Common\Msa.Protos.Common.csproj", "{A417C745-E07E-48D0-8D7D-60B2E92A7CCD}"
EndProject
Project("{E53339B2-1760-4266-BCC7-CA923CBCF16C}") = "docker-compose", "docker-compose.dcproj", "{CA8F6514-703D-42A6-B7A9-F6FFD5ACB657}"
EndProject
Project("{FAE04EC0-301F-11D3-BF4B-00C04F79EFBC}") = "Msa.Grpc.Interceptors", "src\BuildingBlocks\ServiceDefaults\Msa.Grpc.Interceptors\Msa.Grpc.Interceptors.csproj", "{A3F27ABC-8F9C-41C1-8B95-FCBB3A64B0B3}"
EndProject
Project("{FAE04EC0-301F-11D3-BF4B-00C04F79EFBC}") = "Msa.Extensions.JsonSerializer", "src\BuildingBlocks\Extensions\Msa.Extensions.JsonSerializer\Msa.Extensions.JsonSerializer.csproj", "{656B77A8-4011-4C31-BBF8-A4A374010955}"
EndProject
Project("{FAE04EC0-301F-11D3-BF4B-00C04F79EFBC}") = "Msa.Extensions.Random", "src\BuildingBlocks\Extensions\Msa.Extensions.Random\Msa.Extensions.Random.csproj", "{C2A17BDE-D325-44D3-B04F-19ACC192B13D}"
EndProject
Global
	GlobalSection(SolutionConfigurationPlatforms) = preSolution
		Debug|Any CPU = Debug|Any CPU
		Release|Any CPU = Release|Any CPU
	EndGlobalSection
	GlobalSection(ProjectConfigurationPlatforms) = postSolution
		{EE6E2CB1-A1A5-49F1-BD72-9C94C9A24AA9}.Debug|Any CPU.ActiveCfg = Debug|Any CPU
		{EE6E2CB1-A1A5-49F1-BD72-9C94C9A24AA9}.Debug|Any CPU.Build.0 = Debug|Any CPU
		{EE6E2CB1-A1A5-49F1-BD72-9C94C9A24AA9}.Release|Any CPU.ActiveCfg = Release|Any CPU
		{EE6E2CB1-A1A5-49F1-BD72-9C94C9A24AA9}.Release|Any CPU.Build.0 = Release|Any CPU
		{03DBC4F2-9E86-40B4-92F8-8AC0264BA11A}.Debug|Any CPU.ActiveCfg = Debug|Any CPU
		{03DBC4F2-9E86-40B4-92F8-8AC0264BA11A}.Debug|Any CPU.Build.0 = Debug|Any CPU
		{03DBC4F2-9E86-40B4-92F8-8AC0264BA11A}.Release|Any CPU.ActiveCfg = Release|Any CPU
		{03DBC4F2-9E86-40B4-92F8-8AC0264BA11A}.Release|Any CPU.Build.0 = Release|Any CPU
		{BF990ADC-5778-41FA-9C2B-D2EA2A9D61AA}.Debug|Any CPU.ActiveCfg = Debug|Any CPU
		{BF990ADC-5778-41FA-9C2B-D2EA2A9D61AA}.Debug|Any CPU.Build.0 = Debug|Any CPU
		{BF990ADC-5778-41FA-9C2B-D2EA2A9D61AA}.Release|Any CPU.ActiveCfg = Release|Any CPU
		{BF990ADC-5778-41FA-9C2B-D2EA2A9D61AA}.Release|Any CPU.Build.0 = Release|Any CPU
		{D72E3663-AE7A-47CF-85F6-44FCA620AC8F}.Debug|Any CPU.ActiveCfg = Debug|Any CPU
		{D72E3663-AE7A-47CF-85F6-44FCA620AC8F}.Debug|Any CPU.Build.0 = Debug|Any CPU
		{D72E3663-AE7A-47CF-85F6-44FCA620AC8F}.Release|Any CPU.ActiveCfg = Release|Any CPU
		{D72E3663-AE7A-47CF-85F6-44FCA620AC8F}.Release|Any CPU.Build.0 = Release|Any CPU
		{4DE66D4A-712E-4435-BA00-AE4403B52973}.Debug|Any CPU.ActiveCfg = Debug|Any CPU
		{4DE66D4A-712E-4435-BA00-AE4403B52973}.Debug|Any CPU.Build.0 = Debug|Any CPU
		{4DE66D4A-712E-4435-BA00-AE4403B52973}.Release|Any CPU.ActiveCfg = Release|Any CPU
		{4DE66D4A-712E-4435-BA00-AE4403B52973}.Release|Any CPU.Build.0 = Release|Any CPU
		{BF33B019-EA90-47EB-AED8-A1225B068032}.Debug|Any CPU.ActiveCfg = Debug|Any CPU
		{BF33B019-EA90-47EB-AED8-A1225B068032}.Debug|Any CPU.Build.0 = Debug|Any CPU
		{BF33B019-EA90-47EB-AED8-A1225B068032}.Release|Any CPU.ActiveCfg = Release|Any CPU
		{BF33B019-EA90-47EB-AED8-A1225B068032}.Release|Any CPU.Build.0 = Release|Any CPU
		{3AC9CD83-B020-4D46-B808-5763448BD29D}.Debug|Any CPU.ActiveCfg = Debug|Any CPU
		{3AC9CD83-B020-4D46-B808-5763448BD29D}.Debug|Any CPU.Build.0 = Debug|Any CPU
		{3AC9CD83-B020-4D46-B808-5763448BD29D}.Release|Any CPU.ActiveCfg = Release|Any CPU
		{3AC9CD83-B020-4D46-B808-5763448BD29D}.Release|Any CPU.Build.0 = Release|Any CPU
		{A417C745-E07E-48D0-8D7D-60B2E92A7CCD}.Debug|Any CPU.ActiveCfg = Debug|Any CPU
		{A417C745-E07E-48D0-8D7D-60B2E92A7CCD}.Debug|Any CPU.Build.0 = Debug|Any CPU
		{A417C745-E07E-48D0-8D7D-60B2E92A7CCD}.Release|Any CPU.ActiveCfg = Release|Any CPU
		{A417C745-E07E-48D0-8D7D-60B2E92A7CCD}.Release|Any CPU.Build.0 = Release|Any CPU
		{CA8F6514-703D-42A6-B7A9-F6FFD5ACB657}.Debug|Any CPU.ActiveCfg = Debug|Any CPU
		{CA8F6514-703D-42A6-B7A9-F6FFD5ACB657}.Debug|Any CPU.Build.0 = Debug|Any CPU
		{CA8F6514-703D-42A6-B7A9-F6FFD5ACB657}.Release|Any CPU.ActiveCfg = Release|Any CPU
		{CA8F6514-703D-42A6-B7A9-F6FFD5ACB657}.Release|Any CPU.Build.0 = Release|Any CPU
		{A3F27ABC-8F9C-41C1-8B95-FCBB3A64B0B3}.Debug|Any CPU.ActiveCfg = Debug|Any CPU
		{A3F27ABC-8F9C-41C1-8B95-FCBB3A64B0B3}.Debug|Any CPU.Build.0 = Debug|Any CPU
		{A3F27ABC-8F9C-41C1-8B95-FCBB3A64B0B3}.Release|Any CPU.ActiveCfg = Release|Any CPU
		{A3F27ABC-8F9C-41C1-8B95-FCBB3A64B0B3}.Release|Any CPU.Build.0 = Release|Any CPU
		{656B77A8-4011-4C31-BBF8-A4A374010955}.Debug|Any CPU.ActiveCfg = Debug|Any CPU
		{656B77A8-4011-4C31-BBF8-A4A374010955}.Debug|Any CPU.Build.0 = Debug|Any CPU
		{656B77A8-4011-4C31-BBF8-A4A374010955}.Release|Any CPU.ActiveCfg = Release|Any CPU
		{656B77A8-4011-4C31-BBF8-A4A374010955}.Release|Any CPU.Build.0 = Release|Any CPU
		{C2A17BDE-D325-44D3-B04F-19ACC192B13D}.Debug|Any CPU.ActiveCfg = Debug|Any CPU
		{C2A17BDE-D325-44D3-B04F-19ACC192B13D}.Debug|Any CPU.Build.0 = Debug|Any CPU
		{C2A17BDE-D325-44D3-B04F-19ACC192B13D}.Release|Any CPU.ActiveCfg = Release|Any CPU
		{C2A17BDE-D325-44D3-B04F-19ACC192B13D}.Release|Any CPU.Build.0 = Release|Any CPU
	EndGlobalSection
	GlobalSection(SolutionProperties) = preSolution
		HideSolutionNode = FALSE
	EndGlobalSection
	GlobalSection(NestedProjects) = preSolution
		{E906DEFA-9FD3-4D41-A183-AD29106E031C} = {21457830-98D8-4F9D-A4E0-BFA4DFBD77B2}
		{9219D78B-6254-4C69-B932-4D1B3F665E17} = {21457830-98D8-4F9D-A4E0-BFA4DFBD77B2}
		{EE6E2CB1-A1A5-49F1-BD72-9C94C9A24AA9} = {9219D78B-6254-4C69-B932-4D1B3F665E17}
		{03DBC4F2-9E86-40B4-92F8-8AC0264BA11A} = {9219D78B-6254-4C69-B932-4D1B3F665E17}
		{91304C9C-9525-4E73-941A-B3F4C2711759} = {E906DEFA-9FD3-4D41-A183-AD29106E031C}
		{6221D95C-7358-421C-9D9B-24C5D655AD43} = {E906DEFA-9FD3-4D41-A183-AD29106E031C}
		{4CC466D4-2B57-4CB1-986A-DBD166E02F53} = {E906DEFA-9FD3-4D41-A183-AD29106E031C}
		{BF990ADC-5778-41FA-9C2B-D2EA2A9D61AA} = {91304C9C-9525-4E73-941A-B3F4C2711759}
		{D72E3663-AE7A-47CF-85F6-44FCA620AC8F} = {91304C9C-9525-4E73-941A-B3F4C2711759}
		{4DE66D4A-712E-4435-BA00-AE4403B52973} = {9219D78B-6254-4C69-B932-4D1B3F665E17}
		{BF33B019-EA90-47EB-AED8-A1225B068032} = {6221D95C-7358-421C-9D9B-24C5D655AD43}
		{3AC9CD83-B020-4D46-B808-5763448BD29D} = {6221D95C-7358-421C-9D9B-24C5D655AD43}
		{A417C745-E07E-48D0-8D7D-60B2E92A7CCD} = {6221D95C-7358-421C-9D9B-24C5D655AD43}
		{A3F27ABC-8F9C-41C1-8B95-FCBB3A64B0B3} = {91304C9C-9525-4E73-941A-B3F4C2711759}
		{656B77A8-4011-4C31-BBF8-A4A374010955} = {4CC466D4-2B57-4CB1-986A-DBD166E02F53}
		{C2A17BDE-D325-44D3-B04F-19ACC192B13D} = {4CC466D4-2B57-4CB1-986A-DBD166E02F53}
	EndGlobalSection
EndGlobal
